
Microsoft Visual Studio Solution File, Format Version 12.00
# Visual Studio Version 16
VisualStudioVersion = 16.0.29519.87
MinimumVisualStudioVersion = 10.0.40219.1
Project("{9A19103F-16F7-4668-BE54-9A1E7A4F7556}") = "CORE.API", "CORE.API\CORE.API.csproj", "{3E2A191C-ADB0-4B33-94C6-9731A760778F}"
EndProject
Project("{FAE04EC0-301F-11D3-BF4B-00C04F79EFBC}") = "Core.Application", "Core.Application\Core.Application.csproj", "{ED91A335-C11F-4D26-BD0A-CA25F5185308}"
EndProject
Project("{FAE04EC0-301F-11D3-BF4B-00C04F79EFBC}") = "Core.Data", "Core.Data\Core.Data.csproj", "{77A042A3-146F-4262-BE7D-7C5C17DD4D71}"
EndProject
Global
	GlobalSection(SolutionConfigurationPlatforms) = preSolution
		Debug|Any CPU = Debug|Any CPU
		Release|Any CPU = Release|Any CPU
	EndGlobalSection
	GlobalSection(ProjectConfigurationPlatforms) = postSolution
		{3E2A191C-ADB0-4B33-94C6-9731A760778F}.Debug|Any CPU.ActiveCfg = Debug|Any CPU
		{3E2A191C-ADB0-4B33-94C6-9731A760778F}.Debug|Any CPU.Build.0 = Debug|Any CPU
		{3E2A191C-ADB0-4B33-94C6-9731A760778F}.Release|Any CPU.ActiveCfg = Release|Any CPU
		{3E2A191C-ADB0-4B33-94C6-9731A760778F}.Release|Any CPU.Build.0 = Release|Any CPU
		{ED91A335-C11F-4D26-BD0A-CA25F5185308}.Debug|Any CPU.ActiveCfg = Debug|Any CPU
		{ED91A335-C11F-4D26-BD0A-CA25F5185308}.Debug|Any CPU.Build.0 = Debug|Any CPU
		{ED91A335-C11F-4D26-BD0A-CA25F5185308}.Release|Any CPU.ActiveCfg = Release|Any CPU
		{ED91A335-C11F-4D26-BD0A-CA25F5185308}.Release|Any CPU.Build.0 = Release|Any CPU
		{77A042A3-146F-4262-BE7D-7C5C17DD4D71}.Debug|Any CPU.ActiveCfg = Debug|Any CPU
		{77A042A3-146F-4262-BE7D-7C5C17DD4D71}.Debug|Any CPU.Build.0 = Debug|Any CPU
		{77A042A3-146F-4262-BE7D-7C5C17DD4D71}.Release|Any CPU.ActiveCfg = Release|Any CPU
		{77A042A3-146F-4262-BE7D-7C5C17DD4D71}.Release|Any CPU.Build.0 = Release|Any CPU
	EndGlobalSection
	GlobalSection(SolutionProperties) = preSolution
		HideSolutionNode = FALSE
	EndGlobalSection
	GlobalSection(ExtensibilityGlobals) = postSolution
		SolutionGuid = {DCC34D02-2751-4AE7-AD73-569F60B79E34}
	EndGlobalSection
EndGlobal
